<?xml version="1.0" encoding="UTF-8" standalone="yes" ?>
<CodeBlocks_project_file>
	<FileVersion major="1" minor="6" />
	<Project>
		<Option title="A3_assignment" />
		<Option pch_mode="2" />
		<Option compiler="gcc" />
		<Build>
			<Target title="Release">
				<Option output="bin/Release/A3_assignment" prefix_auto="1" extension_auto="1" />
				<Option object_output="obj/Release/" />
				<Option type="1" />
				<Option compiler="gcc" />
				<Option parameters="11111" />
				<Compiler>
					<Add option="-O2" />
					<Add option="-std=c++11" />
					<Add directory="cryptlib" />
				</Compiler>
				<ResourceCompiler>
					<Add directory="cryptlib" />
				</ResourceCompiler>
				<Linker>
					<Add option="-s" />
					<Add option="-lws2_32" />
					<Add directory="cryptlib" />
				</Linker>
			</Target>
		</Build>
		<Compiler>
			<Add option="-Wall" />
			<Add option="-fexceptions" />
		</Compiler>
		<Unit filename="../WinNTL-6_2_1/include/NTL/FFT.h" />
		<Unit filename="../WinNTL-6_2_1/include/NTL/FacVec.h" />
		<Unit filename="../WinNTL-6_2_1/include/NTL/GF2.h" />
		<Unit filename="../WinNTL-6_2_1/include/NTL/GF2E.h" />
		<Unit filename="../WinNTL-6_2_1/include/NTL/GF2EX.h" />
		<Unit filename="../WinNTL-6_2_1/include/NTL/GF2EXFactoring.h" />
		<Unit filename="../WinNTL-6_2_1/include/NTL/GF2X.h" />
		<Unit filename="../WinNTL-6_2_1/include/NTL/GF2XFactoring.h" />
		<Unit filename="../WinNTL-6_2_1/include/NTL/GF2XVec.h" />
		<Unit filename="../WinNTL-6_2_1/include/NTL/HNF.h" />
		<Unit filename="../WinNTL-6_2_1/include/NTL/LLL.h" />
		<Unit filename="../WinNTL-6_2_1/include/NTL/RR.h" />
		<Unit filename="../WinNTL-6_2_1/include/NTL/SPMM_ASM.h" />
		<Unit filename="../WinNTL-6_2_1/include/NTL/WordVector.h" />
		<Unit filename="../WinNTL-6_2_1/include/NTL/ZZ.h" />
		<Unit filename="../WinNTL-6_2_1/include/NTL/ZZVec.h" />
		<Unit filename="../WinNTL-6_2_1/include/NTL/ZZX.h" />
		<Unit filename="../WinNTL-6_2_1/include/NTL/ZZXFactoring.h" />
		<Unit filename="../WinNTL-6_2_1/include/NTL/ZZ_p.h" />
		<Unit filename="../WinNTL-6_2_1/include/NTL/ZZ_pE.h" />
		<Unit filename="../WinNTL-6_2_1/include/NTL/ZZ_pEX.h" />
		<Unit filename="../WinNTL-6_2_1/include/NTL/ZZ_pEXFactoring.h" />
		<Unit filename="../WinNTL-6_2_1/include/NTL/ZZ_pX.h" />
		<Unit filename="../WinNTL-6_2_1/include/NTL/ZZ_pXFactoring.h" />
		<Unit filename="../WinNTL-6_2_1/include/NTL/c_lip.h" />
		<Unit filename="../WinNTL-6_2_1/include/NTL/config.h" />
		<Unit filename="../WinNTL-6_2_1/include/NTL/ctools.h" />
		<Unit filename="../WinNTL-6_2_1/include/NTL/def_config.h" />
		<Unit filename="../WinNTL-6_2_1/include/NTL/fileio.h" />
		<Unit filename="../WinNTL-6_2_1/include/NTL/g_lip.h" />
		<Unit filename="../WinNTL-6_2_1/include/NTL/lip.h" />
		<Unit filename="../WinNTL-6_2_1/include/NTL/lzz_p.h" />
		<Unit filename="../WinNTL-6_2_1/include/NTL/lzz_pE.h" />
		<Unit filename="../WinNTL-6_2_1/include/NTL/lzz_pEX.h" />
		<Unit filename="../WinNTL-6_2_1/include/NTL/lzz_pEXFactoring.h" />
		<Unit filename="../WinNTL-6_2_1/include/NTL/lzz_pX.h" />
		<Unit filename="../WinNTL-6_2_1/include/NTL/lzz_pXFactoring.h" />
		<Unit filename="../WinNTL-6_2_1/include/NTL/mach_desc.h" />
		<Unit filename="../WinNTL-6_2_1/include/NTL/mat_GF2.h" />
		<Unit filename="../WinNTL-6_2_1/include/NTL/mat_GF2E.h" />
		<Unit filename="../WinNTL-6_2_1/include/NTL/mat_RR.h" />
		<Unit filename="../WinNTL-6_2_1/include/NTL/mat_ZZ.h" />
		<Unit filename="../WinNTL-6_2_1/include/NTL/mat_ZZ_p.h" />
		<Unit filename="../WinNTL-6_2_1/include/NTL/mat_ZZ_pE.h" />
		<Unit filename="../WinNTL-6_2_1/include/NTL/mat_lzz_p.h" />
		<Unit filename="../WinNTL-6_2_1/include/NTL/mat_lzz_pE.h" />
		<Unit filename="../WinNTL-6_2_1/include/NTL/mat_poly_ZZ.h" />
		<Unit filename="../WinNTL-6_2_1/include/NTL/mat_poly_ZZ_p.h" />
		<Unit filename="../WinNTL-6_2_1/include/NTL/mat_poly_lzz_p.h" />
		<Unit filename="../WinNTL-6_2_1/include/NTL/matrix.h" />
		<Unit filename="../WinNTL-6_2_1/include/NTL/new.h" />
		<Unit filename="../WinNTL-6_2_1/include/NTL/pair.h" />
		<Unit filename="../WinNTL-6_2_1/include/NTL/pair_GF2EX_long.h" />
		<Unit filename="../WinNTL-6_2_1/include/NTL/pair_GF2X_long.h" />
		<Unit filename="../WinNTL-6_2_1/include/NTL/pair_ZZX_long.h" />
		<Unit filename="../WinNTL-6_2_1/include/NTL/pair_ZZ_pEX_long.h" />
		<Unit filename="../WinNTL-6_2_1/include/NTL/pair_ZZ_pX_long.h" />
		<Unit filename="../WinNTL-6_2_1/include/NTL/pair_lzz_pEX_long.h" />
		<Unit filename="../WinNTL-6_2_1/include/NTL/pair_lzz_pX_long.h" />
		<Unit filename="../WinNTL-6_2_1/include/NTL/quad_float.h" />
		<Unit filename="../WinNTL-6_2_1/include/NTL/tools.h" />
		<Unit filename="../WinNTL-6_2_1/include/NTL/vec_GF2.h" />
		<Unit filename="../WinNTL-6_2_1/include/NTL/vec_GF2E.h" />
		<Unit filename="../WinNTL-6_2_1/include/NTL/vec_GF2XVec.h" />
		<Unit filename="../WinNTL-6_2_1/include/NTL/vec_RR.h" />
		<Unit filename="../WinNTL-6_2_1/include/NTL/vec_ZZ.h" />
		<Unit filename="../WinNTL-6_2_1/include/NTL/vec_ZZVec.h" />
		<Unit filename="../WinNTL-6_2_1/include/NTL/vec_ZZ_p.h" />
		<Unit filename="../WinNTL-6_2_1/include/NTL/vec_ZZ_pE.h" />
		<Unit filename="../WinNTL-6_2_1/include/NTL/vec_double.h" />
		<Unit filename="../WinNTL-6_2_1/include/NTL/vec_long.h" />
		<Unit filename="../WinNTL-6_2_1/include/NTL/vec_lzz_p.h" />
		<Unit filename="../WinNTL-6_2_1/include/NTL/vec_lzz_pE.h" />
		<Unit filename="../WinNTL-6_2_1/include/NTL/vec_quad_float.h" />
		<Unit filename="../WinNTL-6_2_1/include/NTL/vec_ulong.h" />
		<Unit filename="../WinNTL-6_2_1/include/NTL/vec_vec_GF2.h" />
		<Unit filename="../WinNTL-6_2_1/include/NTL/vec_vec_GF2E.h" />
		<Unit filename="../WinNTL-6_2_1/include/NTL/vec_vec_RR.h" />
		<Unit filename="../WinNTL-6_2_1/include/NTL/vec_vec_ZZ.h" />
		<Unit filename="../WinNTL-6_2_1/include/NTL/vec_vec_ZZ_p.h" />
		<Unit filename="../WinNTL-6_2_1/include/NTL/vec_vec_ZZ_pE.h" />
		<Unit filename="../WinNTL-6_2_1/include/NTL/vec_vec_long.h" />
		<Unit filename="../WinNTL-6_2_1/include/NTL/vec_vec_lzz_p.h" />
		<Unit filename="../WinNTL-6_2_1/include/NTL/vec_vec_lzz_pE.h" />
		<Unit filename="../WinNTL-6_2_1/include/NTL/vec_vec_ulong.h" />
		<Unit filename="../WinNTL-6_2_1/include/NTL/vec_xdouble.h" />
		<Unit filename="../WinNTL-6_2_1/include/NTL/vector.h" />
		<Unit filename="../WinNTL-6_2_1/include/NTL/version.h" />
		<Unit filename="../WinNTL-6_2_1/include/NTL/xdouble.h" />
		<Unit filename="../WinNTL-6_2_1/src/FFT.cpp" />
		<Unit filename="../WinNTL-6_2_1/src/FacVec.cpp" />
		<Unit filename="../WinNTL-6_2_1/src/GF2.cpp" />
		<Unit filename="../WinNTL-6_2_1/src/GF2E.cpp" />
		<Unit filename="../WinNTL-6_2_1/src/GF2EX.cpp" />
		<Unit filename="../WinNTL-6_2_1/src/GF2EXFactoring.cpp" />
		<Unit filename="../WinNTL-6_2_1/src/GF2X.cpp" />
		<Unit filename="../WinNTL-6_2_1/src/GF2X1.cpp" />
		<Unit filename="../WinNTL-6_2_1/src/GF2XFactoring.cpp" />
		<Unit filename="../WinNTL-6_2_1/src/GF2XVec.cpp" />
		<Unit filename="../WinNTL-6_2_1/src/G_LLL_FP.cpp" />
		<Unit filename="../WinNTL-6_2_1/src/G_LLL_QP.cpp" />
		<Unit filename="../WinNTL-6_2_1/src/G_LLL_RR.cpp" />
		<Unit filename="../WinNTL-6_2_1/src/G_LLL_XD.cpp" />
		<Unit filename="../WinNTL-6_2_1/src/GetTime.cpp" />
		<Unit filename="../WinNTL-6_2_1/src/HNF.cpp" />
		<Unit filename="../WinNTL-6_2_1/src/LLL.cpp" />
		<Unit filename="../WinNTL-6_2_1/src/LLL_FP.cpp" />
		<Unit filename="../WinNTL-6_2_1/src/LLL_QP.cpp" />
		<Unit filename="../WinNTL-6_2_1/src/LLL_RR.cpp" />
		<Unit filename="../WinNTL-6_2_1/src/LLL_XD.cpp" />
		<Unit filename="../WinNTL-6_2_1/src/RR.cpp" />
		<Unit filename="../WinNTL-6_2_1/src/WordVector.cpp" />
		<Unit filename="../WinNTL-6_2_1/src/ZZ.cpp" />
		<Unit filename="../WinNTL-6_2_1/src/ZZVec.cpp" />
		<Unit filename="../WinNTL-6_2_1/src/ZZX.cpp" />
		<Unit filename="../WinNTL-6_2_1/src/ZZX1.cpp" />
		<Unit filename="../WinNTL-6_2_1/src/ZZXCharPoly.cpp" />
		<Unit filename="../WinNTL-6_2_1/src/ZZXFactoring.cpp" />
		<Unit filename="../WinNTL-6_2_1/src/ZZ_p.cpp" />
		<Unit filename="../WinNTL-6_2_1/src/ZZ_pE.cpp" />
		<Unit filename="../WinNTL-6_2_1/src/ZZ_pEX.cpp" />
		<Unit filename="../WinNTL-6_2_1/src/ZZ_pEXFactoring.cpp" />
		<Unit filename="../WinNTL-6_2_1/src/ZZ_pX.cpp" />
		<Unit filename="../WinNTL-6_2_1/src/ZZ_pX1.cpp" />
		<Unit filename="../WinNTL-6_2_1/src/ZZ_pXCharPoly.cpp" />
		<Unit filename="../WinNTL-6_2_1/src/ZZ_pXFactoring.cpp" />
		<Unit filename="../WinNTL-6_2_1/src/c_lip_impl.h" />
		<Unit filename="../WinNTL-6_2_1/src/ctools.cpp" />
		<Unit filename="../WinNTL-6_2_1/src/fileio.cpp" />
		<Unit filename="../WinNTL-6_2_1/src/g_lip_impl.h" />
		<Unit filename="../WinNTL-6_2_1/src/lip.cpp" />
		<Unit filename="../WinNTL-6_2_1/src/lzz_p.cpp" />
		<Unit filename="../WinNTL-6_2_1/src/lzz_pE.cpp" />
		<Unit filename="../WinNTL-6_2_1/src/lzz_pEX.cpp" />
		<Unit filename="../WinNTL-6_2_1/src/lzz_pEXFactoring.cpp" />
		<Unit filename="../WinNTL-6_2_1/src/lzz_pX.cpp" />
		<Unit filename="../WinNTL-6_2_1/src/lzz_pX1.cpp" />
		<Unit filename="../WinNTL-6_2_1/src/lzz_pXCharPoly.cpp" />
		<Unit filename="../WinNTL-6_2_1/src/lzz_pXFactoring.cpp" />
		<Unit filename="../WinNTL-6_2_1/src/mat_GF2.cpp" />
		<Unit filename="../WinNTL-6_2_1/src/mat_GF2E.cpp" />
		<Unit filename="../WinNTL-6_2_1/src/mat_RR.cpp" />
		<Unit filename="../WinNTL-6_2_1/src/mat_ZZ.cpp" />
		<Unit filename="../WinNTL-6_2_1/src/mat_ZZ_p.cpp" />
		<Unit filename="../WinNTL-6_2_1/src/mat_ZZ_pE.cpp" />
		<Unit filename="../WinNTL-6_2_1/src/mat_lzz_p.cpp" />
		<Unit filename="../WinNTL-6_2_1/src/mat_lzz_pE.cpp" />
		<Unit filename="../WinNTL-6_2_1/src/mat_poly_ZZ.cpp" />
		<Unit filename="../WinNTL-6_2_1/src/mat_poly_ZZ_p.cpp" />
		<Unit filename="../WinNTL-6_2_1/src/mat_poly_lzz_p.cpp" />
		<Unit filename="../WinNTL-6_2_1/src/quad_float.cpp" />
		<Unit filename="../WinNTL-6_2_1/src/tools.cpp" />
		<Unit filename="../WinNTL-6_2_1/src/vec_GF2.cpp" />
		<Unit filename="../WinNTL-6_2_1/src/vec_GF2E.cpp" />
		<Unit filename="../WinNTL-6_2_1/src/vec_RR.cpp" />
		<Unit filename="../WinNTL-6_2_1/src/vec_ZZ.cpp" />
		<Unit filename="../WinNTL-6_2_1/src/vec_ZZ_p.cpp" />
		<Unit filename="../WinNTL-6_2_1/src/vec_ZZ_pE.cpp" />
		<Unit filename="../WinNTL-6_2_1/src/vec_lzz_p.cpp" />
		<Unit filename="../WinNTL-6_2_1/src/vec_lzz_pE.cpp" />
		<Unit filename="../WinNTL-6_2_1/src/xdouble.cpp" />
		<Unit filename="PracticalSocket.cpp" />
		<Unit filename="PracticalSocket.h" />
		<Unit filename="cryptlib/3way.cpp" />
		<Unit filename="cryptlib/adler32.cpp" />
		<Unit filename="cryptlib/algebra.cpp" />
		<Unit filename="cryptlib/algparam.cpp" />
		<Unit filename="cryptlib/arc4.cpp" />
		<Unit filename="cryptlib/asn.cpp" />
		<Unit filename="cryptlib/authenc.cpp" />
		<Unit filename="cryptlib/base32.cpp" />
		<Unit filename="cryptlib/base64.cpp" />
		<Unit filename="cryptlib/basecode.cpp" />
		<Unit filename="cryptlib/bfinit.cpp" />
		<Unit filename="cryptlib/blowfish.cpp" />
		<Unit filename="cryptlib/blumshub.cpp" />
		<Unit filename="cryptlib/camellia.cpp" />
		<Unit filename="cryptlib/cast.cpp" />
		<Unit filename="cryptlib/casts.cpp" />
		<Unit filename="cryptlib/cbcmac.cpp" />
		<Unit filename="cryptlib/ccm.cpp" />
		<Unit filename="cryptlib/channels.cpp" />
		<Unit filename="cryptlib/cmac.cpp" />
		<Unit filename="cryptlib/cpu.cpp" />
		<Unit filename="cryptlib/crc.cpp" />
		<Unit filename="cryptlib/cryptlib.cpp" />
		<Unit filename="cryptlib/cryptlib_bds.cpp" />
		<Unit filename="cryptlib/default.cpp" />
		<Unit filename="cryptlib/des.cpp" />
		<Unit filename="cryptlib/dessp.cpp" />
		<Unit filename="cryptlib/dh.cpp" />
		<Unit filename="cryptlib/dh2.cpp" />
		<Unit filename="cryptlib/dll.cpp" />
		<Unit filename="cryptlib/dlltest.cpp" />
		<Unit filename="cryptlib/dsa.cpp" />
		<Unit filename="cryptlib/eax.cpp" />
		<Unit filename="cryptlib/ec2n.cpp" />
		<Unit filename="cryptlib/eccrypto.cpp" />
		<Unit filename="cryptlib/ecp.cpp" />
		<Unit filename="cryptlib/elgamal.cpp" />
		<Unit filename="cryptlib/emsa2.cpp" />
		<Unit filename="cryptlib/eprecomp.cpp" />
		<Unit filename="cryptlib/esign.cpp" />
		<Unit filename="cryptlib/files.cpp" />
		<Unit filename="cryptlib/filters.cpp" />
		<Unit filename="cryptlib/fips140.cpp" />
		<Unit filename="cryptlib/fipsalgt.cpp" />
		<Unit filename="cryptlib/fipstest.cpp" />
		<Unit filename="cryptlib/gcm.cpp" />
		<Unit filename="cryptlib/gf256.cpp" />
		<Unit filename="cryptlib/gf2_32.cpp" />
		<Unit filename="cryptlib/gf2n.cpp" />
		<Unit filename="cryptlib/gfpcrypt.cpp" />
		<Unit filename="cryptlib/gost.cpp" />
		<Unit filename="cryptlib/gzip.cpp" />
		<Unit filename="cryptlib/hex.cpp" />
		<Unit filename="cryptlib/hmac.cpp" />
		<Unit filename="cryptlib/hrtimer.cpp" />
		<Unit filename="cryptlib/ida.cpp" />
		<Unit filename="cryptlib/idea.cpp" />
		<Unit filename="cryptlib/integer.cpp" />
		<Unit filename="cryptlib/iterhash.cpp" />
		<Unit filename="cryptlib/luc.cpp" />
		<Unit filename="cryptlib/mars.cpp" />
		<Unit filename="cryptlib/marss.cpp" />
		<Unit filename="cryptlib/md2.cpp" />
		<Unit filename="cryptlib/md4.cpp" />
		<Unit filename="cryptlib/md5.cpp" />
		<Unit filename="cryptlib/misc.cpp" />
		<Unit filename="cryptlib/modes.cpp" />
		<Unit filename="cryptlib/mqueue.cpp" />
		<Unit filename="cryptlib/mqv.cpp" />
		<Unit filename="cryptlib/nbtheory.cpp" />
		<Unit filename="cryptlib/network.cpp" />
		<Unit filename="cryptlib/oaep.cpp" />
		<Unit filename="cryptlib/osrng.cpp" />
		<Unit filename="cryptlib/panama.cpp" />
		<Unit filename="cryptlib/pch.cpp" />
		<Unit filename="cryptlib/pkcspad.cpp" />
		<Unit filename="cryptlib/polynomi.cpp" />
		<Unit filename="cryptlib/pssr.cpp" />
		<Unit filename="cryptlib/pubkey.cpp" />
		<Unit filename="cryptlib/queue.cpp" />
		<Unit filename="cryptlib/rabin.cpp" />
		<Unit filename="cryptlib/randpool.cpp" />
		<Unit filename="cryptlib/rc2.cpp" />
		<Unit filename="cryptlib/rc5.cpp" />
		<Unit filename="cryptlib/rc6.cpp" />
		<Unit filename="cryptlib/rdtables.cpp" />
		<Unit filename="cryptlib/regtest.cpp" />
		<Unit filename="cryptlib/rijndael.cpp" />
		<Unit filename="cryptlib/ripemd.cpp" />
		<Unit filename="cryptlib/rng.cpp" />
		<Unit filename="cryptlib/rsa.cpp" />
		<Unit filename="cryptlib/rw.cpp" />
		<Unit filename="cryptlib/safer.cpp" />
		<Unit filename="cryptlib/salsa.cpp" />
		<Unit filename="cryptlib/seal.cpp" />
		<Unit filename="cryptlib/seed.cpp" />
		<Unit filename="cryptlib/serpent.cpp" />
		<Unit filename="cryptlib/sha.cpp" />
		<Unit filename="cryptlib/sha3.cpp" />
		<Unit filename="cryptlib/shacal2.cpp" />
		<Unit filename="cryptlib/shark.cpp" />
		<Unit filename="cryptlib/sharkbox.cpp" />
		<Unit filename="cryptlib/simple.cpp" />
		<Unit filename="cryptlib/skipjack.cpp" />
		<Unit filename="cryptlib/socketft.cpp" />
		<Unit filename="cryptlib/sosemanuk.cpp" />
		<Unit filename="cryptlib/square.cpp" />
		<Unit filename="cryptlib/squaretb.cpp" />
		<Unit filename="cryptlib/strciphr.cpp" />
		<Unit filename="cryptlib/tea.cpp" />
		<Unit filename="cryptlib/tftables.cpp" />
		<Unit filename="cryptlib/tiger.cpp" />
		<Unit filename="cryptlib/tigertab.cpp" />
		<Unit filename="cryptlib/trdlocal.cpp" />
		<Unit filename="cryptlib/ttmac.cpp" />
		<Unit filename="cryptlib/twofish.cpp" />
		<Unit filename="cryptlib/vmac.cpp" />
		<Unit filename="cryptlib/wait.cpp" />
		<Unit filename="cryptlib/wake.cpp" />
		<Unit filename="cryptlib/whrlpool.cpp" />
		<Unit filename="cryptlib/winpipes.cpp" />
		<Unit filename="cryptlib/xtr.cpp" />
		<Unit filename="cryptlib/xtrcrypt.cpp" />
		<Unit filename="cryptlib/zdeflate.cpp" />
		<Unit filename="cryptlib/zinflate.cpp" />
		<Unit filename="cryptlib/zlib.cpp" />
		<Unit filename="encryption.cpp" />
		<Unit filename="encryption.h" />
		<Unit filename="main.cpp" />
		<Extensions>
			<code_completion />
			<envvars />
			<debugger />
			<lib_finder disable_auto="1" />
		</Extensions>
	</Project>
</CodeBlocks_project_file>
